
Microsoft Visual Studio Solution File, Format Version 12.00
# Visual Studio Version 17
VisualStudioVersion = 17.1.32210.238
MinimumVisualStudioVersion = 10.0.40219.1
Project("{FAE04EC0-301F-11D3-BF4B-00C04F79EFBC}") = "PegasusV1", "PegasusV1\PegasusV1.csproj", "{4697A273-6BBA-483E-B8AE-232B132E1881}"
EndProject
Global
	GlobalSection(SolutionConfigurationPlatforms) = preSolution
		Debug|Any CPU = Debug|Any CPU
		Release|Any CPU = Release|Any CPU
	EndGlobalSection
	GlobalSection(ProjectConfigurationPlatforms) = postSolution
		{4697A273-6BBA-483E-B8AE-232B132E1881}.Debug|Any CPU.ActiveCfg = Debug|Any CPU
		{4697A273-6BBA-483E-B8AE-232B132E1881}.Debug|Any CPU.Build.0 = Debug|Any CPU
		{4697A273-6BBA-483E-B8AE-232B132E1881}.Release|Any CPU.ActiveCfg = Release|Any CPU
		{4697A273-6BBA-483E-B8AE-232B132E1881}.Release|Any CPU.Build.0 = Release|Any CPU
	EndGlobalSection
	GlobalSection(SolutionProperties) = preSolution
		HideSolutionNode = FALSE
	EndGlobalSection
	GlobalSection(ExtensibilityGlobals) = postSolution
		SolutionGuid = {BEAD9643-1A7F-41C7-A476-9A5434971B41}
	EndGlobalSection
EndGlobal
