
Microsoft Visual Studio Solution File, Format Version 12.00
# Visual Studio Version 17
VisualStudioVersion = 17.3.32901.215
MinimumVisualStudioVersion = 10.0.40219.1
Project("{9A19103F-16F7-4668-BE54-9A1E7A4F7556}") = "PegasusWeb", "PegasusWeb\PegasusWeb.csproj", "{6AC4D072-9233-4D37-8A97-0AC479649334}"
EndProject
Global
	GlobalSection(SolutionConfigurationPlatforms) = preSolution
		Debug|Any CPU = Debug|Any CPU
		Release|Any CPU = Release|Any CPU
	EndGlobalSection
	GlobalSection(ProjectConfigurationPlatforms) = postSolution
		{6AC4D072-9233-4D37-8A97-0AC479649334}.Debug|Any CPU.ActiveCfg = Debug|Any CPU
		{6AC4D072-9233-4D37-8A97-0AC479649334}.Debug|Any CPU.Build.0 = Debug|Any CPU
		{6AC4D072-9233-4D37-8A97-0AC479649334}.Release|Any CPU.ActiveCfg = Release|Any CPU
		{6AC4D072-9233-4D37-8A97-0AC479649334}.Release|Any CPU.Build.0 = Release|Any CPU
	EndGlobalSection
	GlobalSection(SolutionProperties) = preSolution
		HideSolutionNode = FALSE
	EndGlobalSection
	GlobalSection(ExtensibilityGlobals) = postSolution
		SolutionGuid = {6D577BC9-E373-4576-8C99-0D450ED792F3}
	EndGlobalSection
EndGlobal
